
Microsoft Visual Studio Solution File, Format Version 12.00
# Visual Studio Version 17
VisualStudioVersion = 17.1.32228.430
MinimumVisualStudioVersion = 10.0.40219.1
Project("{FAE04EC0-301F-11D3-BF4B-00C04F79EFBC}") = "Middleware", "Middleware\Middleware.csproj", "{3B3B2E34-0C4B-4C25-862D-D17A5D980438}"
EndProject
Global
	GlobalSection(SolutionConfigurationPlatforms) = preSolution
		Debug|Any CPU = Debug|Any CPU
		Release|Any CPU = Release|Any CPU
	EndGlobalSection
	GlobalSection(ProjectConfigurationPlatforms) = postSolution
		{3B3B2E34-0C4B-4C25-862D-D17A5D980438}.Debug|Any CPU.ActiveCfg = Debug|Any CPU
		{3B3B2E34-0C4B-4C25-862D-D17A5D980438}.Debug|Any CPU.Build.0 = Debug|Any CPU
		{3B3B2E34-0C4B-4C25-862D-D17A5D980438}.Release|Any CPU.ActiveCfg = Release|Any CPU
		{3B3B2E34-0C4B-4C25-862D-D17A5D980438}.Release|Any CPU.Build.0 = Release|Any CPU
	EndGlobalSection
	GlobalSection(SolutionProperties) = preSolution
		HideSolutionNode = FALSE
	EndGlobalSection
	GlobalSection(ExtensibilityGlobals) = postSolution
		SolutionGuid = {F16848A8-CA84-4F1E-96B6-628AD58A6947}
	EndGlobalSection
EndGlobal
